
Microsoft Visual Studio Solution File, Format Version 12.00
# Visual Studio Version 17
VisualStudioVersion = 17.9.34728.123
MinimumVisualStudioVersion = 10.0.40219.1
Project("{2150E333-8FDC-42A3-9474-1A3956D46DE8}") = "src", "src", "{A4C73ED8-A194-41B0-8B32-CE2017B36B50}"
EndProject
Project("{9A19103F-16F7-4668-BE54-9A1E7A4F7556}") = "XpLevelCalculator.Api", "src\XpLevelCalculator.Api\XpLevelCalculator.Api.csproj", "{02317584-CF3E-4A0E-87D3-56878B6D5CC2}"
EndProject
Project("{9A19103F-16F7-4668-BE54-9A1E7A4F7556}") = "XpLevelCalculator.Core", "src\XpLevelCalculator.Core\XpLevelCalculator.Core.csproj", "{F99B881C-846A-4673-822B-E81E86CEDD2E}"
EndProject
Global
	GlobalSection(SolutionConfigurationPlatforms) = preSolution
		Debug|Any CPU = Debug|Any CPU
		Release|Any CPU = Release|Any CPU
	EndGlobalSection
	GlobalSection(ProjectConfigurationPlatforms) = postSolution
		{02317584-CF3E-4A0E-87D3-56878B6D5CC2}.Debug|Any CPU.ActiveCfg = Debug|Any CPU
		{02317584-CF3E-4A0E-87D3-56878B6D5CC2}.Debug|Any CPU.Build.0 = Debug|Any CPU
		{02317584-CF3E-4A0E-87D3-56878B6D5CC2}.Release|Any CPU.ActiveCfg = Release|Any CPU
		{02317584-CF3E-4A0E-87D3-56878B6D5CC2}.Release|Any CPU.Build.0 = Release|Any CPU
		{F99B881C-846A-4673-822B-E81E86CEDD2E}.Debug|Any CPU.ActiveCfg = Debug|Any CPU
		{F99B881C-846A-4673-822B-E81E86CEDD2E}.Debug|Any CPU.Build.0 = Debug|Any CPU
		{F99B881C-846A-4673-822B-E81E86CEDD2E}.Release|Any CPU.ActiveCfg = Release|Any CPU
		{F99B881C-846A-4673-822B-E81E86CEDD2E}.Release|Any CPU.Build.0 = Release|Any CPU
	EndGlobalSection
	GlobalSection(SolutionProperties) = preSolution
		HideSolutionNode = FALSE
	EndGlobalSection
	GlobalSection(NestedProjects) = preSolution
		{02317584-CF3E-4A0E-87D3-56878B6D5CC2} = {A4C73ED8-A194-41B0-8B32-CE2017B36B50}
		{F99B881C-846A-4673-822B-E81E86CEDD2E} = {A4C73ED8-A194-41B0-8B32-CE2017B36B50}
	EndGlobalSection
	GlobalSection(ExtensibilityGlobals) = postSolution
		SolutionGuid = {98773CC0-905E-41BD-A3B9-8DA177CA4E09}
	EndGlobalSection
EndGlobal
